// !$*UTF8*$!
{
	archiveVersion = 1;
	classes = {
	};
	objectVersion = 77;
	objects = {

/* Begin PBXBuildFile section */
		634F60232CFE1F40006DF7B7 /* dotfile-sync.sh in Copy Scripts to Bundle */ = {isa = PBXBuildFile; fileRef = 634F60222CFE1F40006DF7B7 /* dotfile-sync.sh */; };
		6367D7312CDD28E300250E84 /* github-integration.sh in Copy Scripts to Bundle */ = {isa = PBXBuildFile; fileRef = 6367D72E2CDD28CA00250E84 /* github-integration.sh */; };
		63AA5EC82CEF5C6300BC8696 /* usr-local-install.sh in Copy Scripts to Bundle */ = {isa = PBXBuildFile; fileRef = 63AA5EC62CEF59DD00BC8696 /* usr-local-install.sh */; };
		63AE66812CF618DC00EB278B /* docker-version.sh in Copy Scripts to Bundle */ = {isa = PBXBuildFile; fileRef = 63AE667F2CF6173D00EB278B /* docker-version.sh */; };
		63FCE92D2D061C1B000DA22F /* install-docker.sh in Resources */ = {isa = PBXBuildFile; fileRef = 63FCE92C2D061C15000DA22F /* install-docker.sh */; };
		63FCE92E2D061CE1000DA22F /* install-docker.sh in Copy Scripts to Bundle */ = {isa = PBXBuildFile; fileRef = 63FCE92C2D061C15000DA22F /* install-docker.sh */; };
		63FF33402D07CDFF0021E1E2 /* self-update.sh in Copy Scripts to Bundle */ = {isa = PBXBuildFile; fileRef = 632E38D82D01C60C00B7A044 /* self-update.sh */; };
/* End PBXBuildFile section */

/* Begin PBXCopyFilesBuildPhase section */
		6367D72D2CDD286D00250E84 /* Copy Scripts to Bundle */ = {
			isa = PBXCopyFilesBuildPhase;
			buildActionMask = 2147483647;
			dstPath = ../Scripts;
			dstSubfolderSpec = 6;
			files = (
				63FF33402D07CDFF0021E1E2 /* self-update.sh in Copy Scripts to Bundle */,
				634F60232CFE1F40006DF7B7 /* dotfile-sync.sh in Copy Scripts to Bundle */,
				63FCE92E2D061CE1000DA22F /* install-docker.sh in Copy Scripts to Bundle */,
				63AE66812CF618DC00EB278B /* docker-version.sh in Copy Scripts to Bundle */,
				63AA5EC82CEF5C6300BC8696 /* usr-local-install.sh in Copy Scripts to Bundle */,
				6367D7312CDD28E300250E84 /* github-integration.sh in Copy Scripts to Bundle */,
			);
			name = "Copy Scripts to Bundle";
			runOnlyForDeploymentPostprocessing = 0;
		};
/* End PBXCopyFilesBuildPhase section */

/* Begin PBXFileReference section */
		632219852CB4173D00606A25 /* teaBASE.prefPane */ = {isa = PBXFileReference; explicitFileType = wrapper.cfbundle; includeInIndex = 0; path = teaBASE.prefPane; sourceTree = BUILT_PRODUCTS_DIR; };
		632895F92CD27FA80022D63D /* README.md */ = {isa = PBXFileReference; lastKnownFileType = net.daringfireball.markdown; path = README.md; sourceTree = "<group>"; };
		632E38D82D01C60C00B7A044 /* self-update.sh */ = {isa = PBXFileReference; lastKnownFileType = text.script.sh; path = "self-update.sh"; sourceTree = "<group>"; };
		634F60222CFE1F40006DF7B7 /* dotfile-sync.sh */ = {isa = PBXFileReference; lastKnownFileType = text.script.sh; path = "dotfile-sync.sh"; sourceTree = "<group>"; };
		6367D72E2CDD28CA00250E84 /* github-integration.sh */ = {isa = PBXFileReference; lastKnownFileType = text.script.sh; path = "github-integration.sh"; sourceTree = "<group>"; };
		63AA5EC62CEF59DD00BC8696 /* usr-local-install.sh */ = {isa = PBXFileReference; lastKnownFileType = text.script.sh; path = "usr-local-install.sh"; sourceTree = "<group>"; };
		63AE667F2CF6173D00EB278B /* docker-version.sh */ = {isa = PBXFileReference; lastKnownFileType = text.script.sh; path = "docker-version.sh"; sourceTree = "<group>"; };
		63FCE92C2D061C15000DA22F /* install-docker.sh */ = {isa = PBXFileReference; lastKnownFileType = text.script.sh; path = "install-docker.sh"; sourceTree = "<group>"; };
/* End PBXFileReference section */

/* Begin PBXFileSystemSynchronizedBuildFileExceptionSet section */
		632E38D72D012FEA00B7A044 /* Exceptions for "Sundries" folder in "teaBASE" target */ = {
			isa = PBXFileSystemSynchronizedBuildFileExceptionSet;
			membershipExceptions = (
				Info.plist,
			);
			target = 632219842CB4173D00606A25 /* teaBASE */;
		};
		632E390C2D033B4600B7A044 /* Exceptions for "Resources" folder in "teaBASE" target */ = {
			isa = PBXFileSystemSynchronizedBuildFileExceptionSet;
			membershipExceptions = (
				"dmg-bg@2x.png",
			);
			target = 632219842CB4173D00606A25 /* teaBASE */;
		};
/* End PBXFileSystemSynchronizedBuildFileExceptionSet section */

/* Begin PBXFileSystemSynchronizedRootGroup section */
		632219872CB4173D00606A25 /* Sources */ = {
			isa = PBXFileSystemSynchronizedRootGroup;
			path = Sources;
			sourceTree = "<group>";
		};
		632E38D62D012E4D00B7A044 /* Sundries */ = {
			isa = PBXFileSystemSynchronizedRootGroup;
			exceptions = (
				632E38D72D012FEA00B7A044 /* Exceptions for "Sundries" folder in "teaBASE" target */,
			);
			path = Sundries;
			sourceTree = "<group>";
		};
		632E39042D033B3800B7A044 /* Resources */ = {
			isa = PBXFileSystemSynchronizedRootGroup;
			exceptions = (
				632E390C2D033B4600B7A044 /* Exceptions for "Resources" folder in "teaBASE" target */,
			);
			path = Resources;
			sourceTree = "<group>";
		};
/* End PBXFileSystemSynchronizedRootGroup section */

/* Begin PBXFrameworksBuildPhase section */
		632219822CB4173D00606A25 /* Frameworks */ = {
			isa = PBXFrameworksBuildPhase;
			buildActionMask = 2147483647;
			files = (
			);
			runOnlyForDeploymentPostprocessing = 0;
		};
/* End PBXFrameworksBuildPhase section */

/* Begin PBXGroup section */
		6322197B2CB4173D00606A25 = {
			isa = PBXGroup;
			children = (
				632219872CB4173D00606A25 /* Sources */,
				6367D72F2CDD28CA00250E84 /* Scripts */,
				632E39042D033B3800B7A044 /* Resources */,
				632E38D62D012E4D00B7A044 /* Sundries */,
				632895F92CD27FA80022D63D /* README.md */,
				632219862CB4173D00606A25 /* Products */,
			);
			sourceTree = "<group>";
		};
		632219862CB4173D00606A25 /* Products */ = {
			isa = PBXGroup;
			children = (
				632219852CB4173D00606A25 /* teaBASE.prefPane */,
			);
			name = Products;
			sourceTree = "<group>";
		};
		6367D72F2CDD28CA00250E84 /* Scripts */ = {
			isa = PBXGroup;
			children = (
				63FCE92C2D061C15000DA22F /* install-docker.sh */,
				632E38D82D01C60C00B7A044 /* self-update.sh */,
				63AE667F2CF6173D00EB278B /* docker-version.sh */,
				63AA5EC62CEF59DD00BC8696 /* usr-local-install.sh */,
				6367D72E2CDD28CA00250E84 /* github-integration.sh */,
				634F60222CFE1F40006DF7B7 /* dotfile-sync.sh */,
			);
			path = Scripts;
			sourceTree = "<group>";
		};
/* End PBXGroup section */

/* Begin PBXHeadersBuildPhase section */
		632219802CB4173D00606A25 /* Headers */ = {
			isa = PBXHeadersBuildPhase;
			buildActionMask = 2147483647;
			files = (
			);
			runOnlyForDeploymentPostprocessing = 0;
		};
/* End PBXHeadersBuildPhase section */

/* Begin PBXNativeTarget section */
		632219842CB4173D00606A25 /* teaBASE */ = {
			isa = PBXNativeTarget;
			buildConfigurationList = 632219932CB4173D00606A25 /* Build configuration list for PBXNativeTarget "teaBASE" */;
			buildPhases = (
				632219802CB4173D00606A25 /* Headers */,
				632219812CB4173D00606A25 /* Sources */,
				632219822CB4173D00606A25 /* Frameworks */,
				632219832CB4173D00606A25 /* Resources */,
				63B188092CBD6AE30081E570 /* Download pkgx */,
				63AE66822CF754D200EB278B /* Build bpb */,
				6347BBC62CBD6ECA00DA6544 /* Copy Binaries to Bundle */,
				6367D72D2CDD286D00250E84 /* Copy Scripts to Bundle */,
			);
			buildRules = (
			);
			dependencies = (
			);
			fileSystemSynchronizedGroups = (
				632219872CB4173D00606A25 /* Sources */,
				632E38D62D012E4D00B7A044 /* Sundries */,
				632E39042D033B3800B7A044 /* Resources */,
			);
			name = teaBASE;
			packageProductDependencies = (
			);
			productName = teaBASE;
			productReference = 632219852CB4173D00606A25 /* teaBASE.prefPane */;
			productType = "com.apple.product-type.bundle";
		};
/* End PBXNativeTarget section */

/* Begin PBXProject section */
		6322197C2CB4173D00606A25 /* Project object */ = {
			isa = PBXProject;
			attributes = {
				BuildIndependentTargetsInParallel = 1;
				LastSwiftUpdateCheck = 1610;
				LastUpgradeCheck = 1610;
				TargetAttributes = {
					632219842CB4173D00606A25 = {
						CreatedOnToolsVersion = 16.0;
						LastSwiftMigration = 1610;
					};
				};
			};
			buildConfigurationList = 6322197F2CB4173D00606A25 /* Build configuration list for PBXProject "teaBASE" */;
			developmentRegion = en;
			hasScannedForEncodings = 0;
			knownRegions = (
				en,
				Base,
			);
			mainGroup = 6322197B2CB4173D00606A25;
			minimizedProjectReferenceProxies = 1;
			preferredProjectObjectVersion = 77;
			productRefGroup = 632219862CB4173D00606A25 /* Products */;
			projectDirPath = "";
			projectRoot = "";
			targets = (
				632219842CB4173D00606A25 /* teaBASE */,
			);
		};
/* End PBXProject section */

/* Begin PBXResourcesBuildPhase section */
		632219832CB4173D00606A25 /* Resources */ = {
			isa = PBXResourcesBuildPhase;
			buildActionMask = 0;
			files = (
				63FCE92D2D061C1B000DA22F /* install-docker.sh in Resources */,
			);
			runOnlyForDeploymentPostprocessing = 0;
		};
/* End PBXResourcesBuildPhase section */

/* Begin PBXShellScriptBuildPhase section */
		6347BBC62CBD6ECA00DA6544 /* Copy Binaries to Bundle */ = {
			isa = PBXShellScriptBuildPhase;
			buildActionMask = 2147483647;
			files = (
			);
			inputFileListPaths = (
			);
			inputPaths = (
				"$(DERIVED_FILE_DIR)/pkgx",
				"$(DERIVED_FILE_DIR)/bpb",
			);
			name = "Copy Binaries to Bundle";
			outputFileListPaths = (
			);
			outputPaths = (
				"$(TARGET_BUILD_DIR)/$(EXECUTABLE_FOLDER_PATH)/bpb",
				"$(TARGET_BUILD_DIR)/$(EXECUTABLE_FOLDER_PATH)/pkgx",
			);
			runOnlyForDeploymentPostprocessing = 0;
			shellPath = /bin/bash;
			shellScript = "set -exo pipefail\n\ncd \"${DERIVED_FILE_DIR}\"\n\ncp pkgx \"${TARGET_BUILD_DIR}/${EXECUTABLE_FOLDER_PATH}\"\ncp bpb \"${TARGET_BUILD_DIR}/${EXECUTABLE_FOLDER_PATH}\"\n";
		};
		63AE66822CF754D200EB278B /* Build bpb */ = {
			isa = PBXShellScriptBuildPhase;
			buildActionMask = 2147483647;
			files = (
			);
			inputFileListPaths = (
			);
			inputPaths = (
				"$(DERIVED_FILE_DIR)/pkgx",
			);
			name = "Build bpb";
			outputFileListPaths = (
			);
			outputPaths = (
				"$(DERIVED_FILE_DIR)/bpb",
			);
			runOnlyForDeploymentPostprocessing = 0;
			shellPath = /bin/sh;
			shellScript = "# Xcode sandboxes these scripts so only files you can specify as outputs can be created, lol ffs\ncd /tmp\n\nif ! test -d bpb/.git; then\n    git clone https://github.com/pkgxdev/bpb\n    cd bpb\nelse\n    cd bpb\n    git fetch -pft\n    git reset --hard origin/main\nfi\n\n\"${DERIVED_FILE_DIR}\"/pkgx cargo build --release\nmv target/release/bpb \"${DERIVED_FILE_DIR}\" \n";
		};
		63B188092CBD6AE30081E570 /* Download pkgx */ = {
			isa = PBXShellScriptBuildPhase;
			buildActionMask = 2147483647;
			files = (
			);
			inputFileListPaths = (
			);
			inputPaths = (
			);
			name = "Download pkgx";
			outputFileListPaths = (
			);
			outputPaths = (
				"$(DERIVED_FILE_DIR)/pkgx",
			);
			runOnlyForDeploymentPostprocessing = 0;
			shellPath = /bin/sh;
			shellScript = "curl -o \"${DERIVED_FILE_DIR}\"/pkgx --compressed -f --proto '=https' https://pkgx.sh/$(uname)/$(uname -m)\nchmod +x \"${DERIVED_FILE_DIR}\"/pkgx\n";
		};
/* End PBXShellScriptBuildPhase section */

/* Begin PBXSourcesBuildPhase section */
		632219812CB4173D00606A25 /* Sources */ = {
			isa = PBXSourcesBuildPhase;
			buildActionMask = 2147483647;
			files = (
			);
			runOnlyForDeploymentPostprocessing = 0;
		};
/* End PBXSourcesBuildPhase section */

/* Begin XCBuildConfiguration section */
		632219942CB4173D00606A25 /* Debug */ = {
			isa = XCBuildConfiguration;
			buildSettings = {
				CLANG_ENABLE_MODULES = YES;
				CODE_SIGN_ENTITLEMENTS = Sundries/teaBASE.entitlements;
				CODE_SIGN_IDENTITY = "Apple Development";
				"CODE_SIGN_IDENTITY[sdk=macosx*]" = "-";
				CODE_SIGN_STYLE = Automatic;
				COMBINE_HIDPI_IMAGES = YES;
				DEAD_CODE_STRIPPING = YES;
				DEVELOPMENT_TEAM = 7WV56FL599;
				GENERATE_INFOPLIST_FILE = YES;
				INFOPLIST_FILE = Sundries/Info.plist;
				INFOPLIST_KEY_NSMainNibFile = teaBASE;
				INFOPLIST_KEY_NSPrincipalClass = teaBASE;
				INSTALL_PATH = "$(HOME)/Library/PreferencePanes";
				MACOSX_DEPLOYMENT_TARGET = 13.5;
				PRODUCT_BUNDLE_IDENTIFIER = xyz.tea.BASE.pane;
				PRODUCT_MODULE_NAME = teaBASE;
				PRODUCT_NAME = teaBASE;
				PROVISIONING_PROFILE_SPECIFIER = "";
				SWIFT_EMIT_LOC_STRINGS = YES;
				SWIFT_OPTIMIZATION_LEVEL = "-Onone";
				SWIFT_VERSION = 6.0;
				WRAPPER_EXTENSION = prefPane;
			};
			name = Debug;
		};
		632219952CB4173D00606A25 /* Release */ = {
			isa = XCBuildConfiguration;
			buildSettings = {
				CLANG_ENABLE_MODULES = YES;
				CODE_SIGN_ENTITLEMENTS = Sundries/teaBASE.entitlements;
				CODE_SIGN_IDENTITY = "Apple Distribution";
				"CODE_SIGN_IDENTITY[sdk=macosx*]" = "-";
				CODE_SIGN_STYLE = Automatic;
				COMBINE_HIDPI_IMAGES = YES;
				DEAD_CODE_STRIPPING = YES;
				DEVELOPMENT_TEAM = 7WV56FL599;
				GENERATE_INFOPLIST_FILE = YES;
				INFOPLIST_FILE = Sundries/Info.plist;
				INFOPLIST_KEY_NSMainNibFile = teaBASE;
				INFOPLIST_KEY_NSPrincipalClass = teaBASE;
				INSTALL_PATH = "$(HOME)/Library/PreferencePanes";
				MACOSX_DEPLOYMENT_TARGET = 13.5;
				PRODUCT_BUNDLE_IDENTIFIER = xyz.tea.BASE.pane;
				PRODUCT_MODULE_NAME = teaBASE;
				PRODUCT_NAME = teaBASE;
				PROVISIONING_PROFILE_SPECIFIER = "";
				SWIFT_EMIT_LOC_STRINGS = YES;
				SWIFT_VERSION = 6.0;
				WRAPPER_EXTENSION = prefPane;
			};
			name = Release;
		};
		632219962CB4173D00606A25 /* Debug */ = {
			isa = XCBuildConfiguration;
			buildSettings = {
				ALWAYS_SEARCH_USER_PATHS = NO;
				ASSETCATALOG_COMPILER_GENERATE_SWIFT_ASSET_SYMBOL_EXTENSIONS = YES;
				CLANG_ANALYZER_NONNULL = YES;
				CLANG_ANALYZER_NUMBER_OBJECT_CONVERSION = YES_AGGRESSIVE;
				CLANG_CXX_LANGUAGE_STANDARD = "gnu++20";
				CLANG_ENABLE_MODULES = YES;
				CLANG_ENABLE_OBJC_ARC = YES;
				CLANG_ENABLE_OBJC_WEAK = YES;
				CLANG_WARN_BLOCK_CAPTURE_AUTORELEASING = YES;
				CLANG_WARN_BOOL_CONVERSION = YES;
				CLANG_WARN_COMMA = YES;
				CLANG_WARN_CONSTANT_CONVERSION = YES;
				CLANG_WARN_DEPRECATED_OBJC_IMPLEMENTATIONS = YES;
				CLANG_WARN_DIRECT_OBJC_ISA_USAGE = YES_ERROR;
				CLANG_WARN_DOCUMENTATION_COMMENTS = YES;
				CLANG_WARN_EMPTY_BODY = YES;
				CLANG_WARN_ENUM_CONVERSION = YES;
				CLANG_WARN_INFINITE_RECURSION = YES;
				CLANG_WARN_INT_CONVERSION = YES;
				CLANG_WARN_NON_LITERAL_NULL_CONVERSION = YES;
				CLANG_WARN_OBJC_IMPLICIT_RETAIN_SELF = YES;
				CLANG_WARN_OBJC_LITERAL_CONVERSION = YES;
				CLANG_WARN_OBJC_ROOT_CLASS = YES_ERROR;
				CLANG_WARN_QUOTED_INCLUDE_IN_FRAMEWORK_HEADER = YES;
				CLANG_WARN_RANGE_LOOP_ANALYSIS = YES;
				CLANG_WARN_STRICT_PROTOTYPES = YES;
				CLANG_WARN_SUSPICIOUS_MOVE = YES;
				CLANG_WARN_UNGUARDED_AVAILABILITY = YES_AGGRESSIVE;
				CLANG_WARN_UNREACHABLE_CODE = YES;
				CLANG_WARN__DUPLICATE_METHOD_MATCH = YES;
				COPY_PHASE_STRIP = NO;
				DEAD_CODE_STRIPPING = YES;
				DEBUG_INFORMATION_FORMAT = dwarf;
				ENABLE_STRICT_OBJC_MSGSEND = YES;
				ENABLE_TESTABILITY = YES;
				ENABLE_USER_SCRIPT_SANDBOXING = YES;
				GCC_C_LANGUAGE_STANDARD = gnu17;
				GCC_DYNAMIC_NO_PIC = NO;
				GCC_NO_COMMON_BLOCKS = YES;
				GCC_OPTIMIZATION_LEVEL = 0;
				GCC_PREPROCESSOR_DEFINITIONS = (
					"DEBUG=1",
					"$(inherited)",
				);
				GCC_WARN_64_TO_32_BIT_CONVERSION = YES;
				GCC_WARN_ABOUT_RETURN_TYPE = YES_ERROR;
				GCC_WARN_UNDECLARED_SELECTOR = YES;
				GCC_WARN_UNINITIALIZED_AUTOS = YES_AGGRESSIVE;
				GCC_WARN_UNUSED_FUNCTION = YES;
				GCC_WARN_UNUSED_VARIABLE = YES;
				LOCALIZATION_PREFERS_STRING_CATALOGS = YES;
				MACOSX_DEPLOYMENT_TARGET = 15.0;
				MTL_ENABLE_DEBUG_INFO = INCLUDE_SOURCE;
				MTL_FAST_MATH = YES;
				ONLY_ACTIVE_ARCH = YES;
				SDKROOT = macosx;
			};
			name = Debug;
		};
		632219972CB4173D00606A25 /* Release */ = {
			isa = XCBuildConfiguration;
			buildSettings = {
				ALWAYS_SEARCH_USER_PATHS = NO;
				ASSETCATALOG_COMPILER_GENERATE_SWIFT_ASSET_SYMBOL_EXTENSIONS = YES;
				CLANG_ANALYZER_NONNULL = YES;
				CLANG_ANALYZER_NUMBER_OBJECT_CONVERSION = YES_AGGRESSIVE;
				CLANG_CXX_LANGUAGE_STANDARD = "gnu++20";
				CLANG_ENABLE_MODULES = YES;
				CLANG_ENABLE_OBJC_ARC = YES;
				CLANG_ENABLE_OBJC_WEAK = YES;
				CLANG_WARN_BLOCK_CAPTURE_AUTORELEASING = YES;
				CLANG_WARN_BOOL_CONVERSION = YES;
				CLANG_WARN_COMMA = YES;
				CLANG_WARN_CONSTANT_CONVERSION = YES;
				CLANG_WARN_DEPRECATED_OBJC_IMPLEMENTATIONS = YES;
				CLANG_WARN_DIRECT_OBJC_ISA_USAGE = YES_ERROR;
				CLANG_WARN_DOCUMENTATION_COMMENTS = YES;
				CLANG_WARN_EMPTY_BODY = YES;
				CLANG_WARN_ENUM_CONVERSION = YES;
				CLANG_WARN_INFINITE_RECURSION = YES;
				CLANG_WARN_INT_CONVERSION = YES;
				CLANG_WARN_NON_LITERAL_NULL_CONVERSION = YES;
				CLANG_WARN_OBJC_IMPLICIT_RETAIN_SELF = YES;
				CLANG_WARN_OBJC_LITERAL_CONVERSION = YES;
				CLANG_WARN_OBJC_ROOT_CLASS = YES_ERROR;
				CLANG_WARN_QUOTED_INCLUDE_IN_FRAMEWORK_HEADER = YES;
				CLANG_WARN_RANGE_LOOP_ANALYSIS = YES;
				CLANG_WARN_STRICT_PROTOTYPES = YES;
				CLANG_WARN_SUSPICIOUS_MOVE = YES;
				CLANG_WARN_UNGUARDED_AVAILABILITY = YES_AGGRESSIVE;
				CLANG_WARN_UNREACHABLE_CODE = YES;
				CLANG_WARN__DUPLICATE_METHOD_MATCH = YES;
				COPY_PHASE_STRIP = NO;
				DEAD_CODE_STRIPPING = YES;
				DEBUG_INFORMATION_FORMAT = "dwarf-with-dsym";
				ENABLE_NS_ASSERTIONS = NO;
				ENABLE_STRICT_OBJC_MSGSEND = YES;
				ENABLE_USER_SCRIPT_SANDBOXING = YES;
				GCC_C_LANGUAGE_STANDARD = gnu17;
				GCC_NO_COMMON_BLOCKS = YES;
				GCC_WARN_64_TO_32_BIT_CONVERSION = YES;
				GCC_WARN_ABOUT_RETURN_TYPE = YES_ERROR;
				GCC_WARN_UNDECLARED_SELECTOR = YES;
				GCC_WARN_UNINITIALIZED_AUTOS = YES_AGGRESSIVE;
				GCC_WARN_UNUSED_FUNCTION = YES;
				GCC_WARN_UNUSED_VARIABLE = YES;
				LOCALIZATION_PREFERS_STRING_CATALOGS = YES;
				MACOSX_DEPLOYMENT_TARGET = 15.0;
				MTL_ENABLE_DEBUG_INFO = NO;
				MTL_FAST_MATH = YES;
				SDKROOT = macosx;
				SWIFT_COMPILATION_MODE = wholemodule;
			};
			name = Release;
		};
/* End XCBuildConfiguration section */

/* Begin XCConfigurationList section */
		6322197F2CB4173D00606A25 /* Build configuration list for PBXProject "teaBASE" */ = {
			isa = XCConfigurationList;
			buildConfigurations = (
				632219962CB4173D00606A25 /* Debug */,
				632219972CB4173D00606A25 /* Release */,
			);
			defaultConfigurationIsVisible = 0;
			defaultConfigurationName = Release;
		};
		632219932CB4173D00606A25 /* Build configuration list for PBXNativeTarget "teaBASE" */ = {
			isa = XCConfigurationList;
			buildConfigurations = (
				632219942CB4173D00606A25 /* Debug */,
				632219952CB4173D00606A25 /* Release */,
			);
			defaultConfigurationIsVisible = 0;
			defaultConfigurationName = Release;
		};
/* End XCConfigurationList section */
	};
	rootObject = 6322197C2CB4173D00606A25 /* Project object */;
}
